
Microsoft Visual Studio Solution File, Format Version 12.00
# Visual Studio Version 17
VisualStudioVersion = 17.14.36511.14 d17.14
MinimumVisualStudioVersion = 10.0.40219.1
Project("{2150E333-8FDC-42A3-9474-1A3956D46DE8}") = "Task0", "Task0", "{02EA681E-C7D8-13C7-8484-4AC65E1B71E8}"
EndProject
Project("{FAE04EC0-301F-11D3-BF4B-00C04F79EFBC}") = "Tyuiu.BiryukovAY.Sprint6.Task0.V30.Lib", "Tyuiu.BiryukovAY.Sprint6.Task0.V30.Lib\Tyuiu.BiryukovAY.Sprint6.Task0.V30.Lib.csproj", "{CD70F3DD-F4EE-43EA-8093-C4E92F359175}"
EndProject
Project("{FAE04EC0-301F-11D3-BF4B-00C04F79EFBC}") = "Tyuiu.BiryukovAY.Sprint6.Task0.V30.Test", "Tyuiu.BiryukovAY.Sprint6.Task0.V30.Test\Tyuiu.BiryukovAY.Sprint6.Task0.V30.Test.csproj", "{64603674-4872-47EC-8A44-C1BF0CCF63F6}"
EndProject
Project("{FAE04EC0-301F-11D3-BF4B-00C04F79EFBC}") = "Tyuiu.BiryukovAY.Sprint6.Task0.V30", "Tyuiu.BiryukovAY.Sprint6.Task0.V30\Tyuiu.BiryukovAY.Sprint6.Task0.V30.csproj", "{E55656EB-9E05-4C9B-B413-A9801EAC1834}"
EndProject
Project("{2150E333-8FDC-42A3-9474-1A3956D46DE8}") = "Task1", "Task1", "{1B8A27F1-36C1-4AC4-9F1E-984907B1D47B}"
EndProject
Project("{FAE04EC0-301F-11D3-BF4B-00C04F79EFBC}") = "Tyuiu.BiryukovAY.Sprint6.Task1.V22.Lib", "Tyuiu.BiryukovAY.Sprint6.Task1.V22.Lib\Tyuiu.BiryukovAY.Sprint6.Task1.V22.Lib.csproj", "{B0999137-A03B-409E-8D69-452347C535DE}"
EndProject
Project("{FAE04EC0-301F-11D3-BF4B-00C04F79EFBC}") = "Tyuiu.BiryukovAY.Sprint6.Task1.V22.Test", "Tyuiu.BiryukovAY.Sprint6.Task1.V22.Test\Tyuiu.BiryukovAY.Sprint6.Task1.V22.Test.csproj", "{70D19FE0-B1F6-4DE5-8454-E337570D4C75}"
EndProject
Project("{FAE04EC0-301F-11D3-BF4B-00C04F79EFBC}") = "Tyuiu.BiryukovAY.Sprint6.Task1.V22", "Tyuiu.BiryukovAY.Sprint6.Task1.V22\Tyuiu.BiryukovAY.Sprint6.Task1.V22.csproj", "{3A587EE3-38BA-4ECA-8302-3885DEEC9CC6}"
EndProject
Project("{2150E333-8FDC-42A3-9474-1A3956D46DE8}") = "Task2", "Task2", "{0B8E4168-F61D-4FD9-BD8A-7D2A45F875A1}"
EndProject
Project("{FAE04EC0-301F-11D3-BF4B-00C04F79EFBC}") = "Tyuiu.BiryukovAY.Sprint6.Task2.V15.Lib", "Tyuiu.BiryukovAY.Sprint6.Task2.V15.Lib\Tyuiu.BiryukovAY.Sprint6.Task2.V15.Lib.csproj", "{9733FEBD-19F9-474B-8867-B5AB17F577B8}"
EndProject
Project("{FAE04EC0-301F-11D3-BF4B-00C04F79EFBC}") = "Tyuiu.BiryukovAY.Sprint6.Task2.V15.Test", "Tyuiu.BiryukovAY.Sprint6.Task2.V15.Test\Tyuiu.BiryukovAY.Sprint6.Task2.V15.Test.csproj", "{4C6FB710-E60A-4497-99BE-482B601D045E}"
EndProject
Project("{FAE04EC0-301F-11D3-BF4B-00C04F79EFBC}") = "Tyuiu.BiryukovAY.Sprint6.Task2.V15", "Tyuiu.BiryukovAY.Sprint6.Task2.V15\Tyuiu.BiryukovAY.Sprint6.Task2.V15.csproj", "{43AF88BE-4033-4726-B414-C06BBAF99E3D}"
EndProject
Project("{2150E333-8FDC-42A3-9474-1A3956D46DE8}") = "Task3", "Task3", "{9F4C611A-C23C-4950-B8DC-0EC0D3C8A0FF}"
EndProject
Project("{FAE04EC0-301F-11D3-BF4B-00C04F79EFBC}") = "Tyuiu.BiryukovAY.Sprint6.Task3.V24.Lib", "Tyuiu.BiryukovAY.Sprint6.Task3.V24.Lib\Tyuiu.BiryukovAY.Sprint6.Task3.V24.Lib.csproj", "{1895B3EF-E1EE-43BF-8CA6-518DDC510F3C}"
EndProject
Project("{FAE04EC0-301F-11D3-BF4B-00C04F79EFBC}") = "Tyuiu.BiryukovAY.Sprint6.Task3.V24.Test", "Tyuiu.BiryukovAY.Sprint6.Task3.V24.Test\Tyuiu.BiryukovAY.Sprint6.Task3.V24.Test.csproj", "{10AA7ACC-BDB0-44FB-BB5B-886D2207CDD7}"
EndProject
Project("{FAE04EC0-301F-11D3-BF4B-00C04F79EFBC}") = "Tyuiu.BiryukovAY.Sprint6.Task3.V24", "Tyuiu.BiryukovAY.Sprint6.Task3.V24\Tyuiu.BiryukovAY.Sprint6.Task3.V24.csproj", "{E5208C18-D0A1-4ACC-B5D1-33936573FF78}"
EndProject
Global
	GlobalSection(SolutionConfigurationPlatforms) = preSolution
		Debug|Any CPU = Debug|Any CPU
		Release|Any CPU = Release|Any CPU
	EndGlobalSection
	GlobalSection(ProjectConfigurationPlatforms) = postSolution
		{CD70F3DD-F4EE-43EA-8093-C4E92F359175}.Debug|Any CPU.ActiveCfg = Debug|Any CPU
		{CD70F3DD-F4EE-43EA-8093-C4E92F359175}.Debug|Any CPU.Build.0 = Debug|Any CPU
		{CD70F3DD-F4EE-43EA-8093-C4E92F359175}.Release|Any CPU.ActiveCfg = Release|Any CPU
		{CD70F3DD-F4EE-43EA-8093-C4E92F359175}.Release|Any CPU.Build.0 = Release|Any CPU
		{64603674-4872-47EC-8A44-C1BF0CCF63F6}.Debug|Any CPU.ActiveCfg = Debug|Any CPU
		{64603674-4872-47EC-8A44-C1BF0CCF63F6}.Debug|Any CPU.Build.0 = Debug|Any CPU
		{64603674-4872-47EC-8A44-C1BF0CCF63F6}.Release|Any CPU.ActiveCfg = Release|Any CPU
		{64603674-4872-47EC-8A44-C1BF0CCF63F6}.Release|Any CPU.Build.0 = Release|Any CPU
		{E55656EB-9E05-4C9B-B413-A9801EAC1834}.Debug|Any CPU.ActiveCfg = Debug|Any CPU
		{E55656EB-9E05-4C9B-B413-A9801EAC1834}.Debug|Any CPU.Build.0 = Debug|Any CPU
		{E55656EB-9E05-4C9B-B413-A9801EAC1834}.Release|Any CPU.ActiveCfg = Release|Any CPU
		{E55656EB-9E05-4C9B-B413-A9801EAC1834}.Release|Any CPU.Build.0 = Release|Any CPU
		{B0999137-A03B-409E-8D69-452347C535DE}.Debug|Any CPU.ActiveCfg = Debug|Any CPU
		{B0999137-A03B-409E-8D69-452347C535DE}.Debug|Any CPU.Build.0 = Debug|Any CPU
		{B0999137-A03B-409E-8D69-452347C535DE}.Release|Any CPU.ActiveCfg = Release|Any CPU
		{B0999137-A03B-409E-8D69-452347C535DE}.Release|Any CPU.Build.0 = Release|Any CPU
		{70D19FE0-B1F6-4DE5-8454-E337570D4C75}.Debug|Any CPU.ActiveCfg = Debug|Any CPU
		{70D19FE0-B1F6-4DE5-8454-E337570D4C75}.Debug|Any CPU.Build.0 = Debug|Any CPU
		{70D19FE0-B1F6-4DE5-8454-E337570D4C75}.Release|Any CPU.ActiveCfg = Release|Any CPU
		{70D19FE0-B1F6-4DE5-8454-E337570D4C75}.Release|Any CPU.Build.0 = Release|Any CPU
		{3A587EE3-38BA-4ECA-8302-3885DEEC9CC6}.Debug|Any CPU.ActiveCfg = Debug|Any CPU
		{3A587EE3-38BA-4ECA-8302-3885DEEC9CC6}.Debug|Any CPU.Build.0 = Debug|Any CPU
		{3A587EE3-38BA-4ECA-8302-3885DEEC9CC6}.Release|Any CPU.ActiveCfg = Release|Any CPU
		{3A587EE3-38BA-4ECA-8302-3885DEEC9CC6}.Release|Any CPU.Build.0 = Release|Any CPU
		{9733FEBD-19F9-474B-8867-B5AB17F577B8}.Debug|Any CPU.ActiveCfg = Debug|Any CPU
		{9733FEBD-19F9-474B-8867-B5AB17F577B8}.Debug|Any CPU.Build.0 = Debug|Any CPU
		{9733FEBD-19F9-474B-8867-B5AB17F577B8}.Release|Any CPU.ActiveCfg = Release|Any CPU
		{9733FEBD-19F9-474B-8867-B5AB17F577B8}.Release|Any CPU.Build.0 = Release|Any CPU
		{4C6FB710-E60A-4497-99BE-482B601D045E}.Debug|Any CPU.ActiveCfg = Debug|Any CPU
		{4C6FB710-E60A-4497-99BE-482B601D045E}.Debug|Any CPU.Build.0 = Debug|Any CPU
		{4C6FB710-E60A-4497-99BE-482B601D045E}.Release|Any CPU.ActiveCfg = Release|Any CPU
		{4C6FB710-E60A-4497-99BE-482B601D045E}.Release|Any CPU.Build.0 = Release|Any CPU
		{43AF88BE-4033-4726-B414-C06BBAF99E3D}.Debug|Any CPU.ActiveCfg = Debug|Any CPU
		{43AF88BE-4033-4726-B414-C06BBAF99E3D}.Debug|Any CPU.Build.0 = Debug|Any CPU
		{43AF88BE-4033-4726-B414-C06BBAF99E3D}.Release|Any CPU.ActiveCfg = Release|Any CPU
		{43AF88BE-4033-4726-B414-C06BBAF99E3D}.Release|Any CPU.Build.0 = Release|Any CPU
		{1895B3EF-E1EE-43BF-8CA6-518DDC510F3C}.Debug|Any CPU.ActiveCfg = Debug|Any CPU
		{1895B3EF-E1EE-43BF-8CA6-518DDC510F3C}.Debug|Any CPU.Build.0 = Debug|Any CPU
		{1895B3EF-E1EE-43BF-8CA6-518DDC510F3C}.Release|Any CPU.ActiveCfg = Release|Any CPU
		{1895B3EF-E1EE-43BF-8CA6-518DDC510F3C}.Release|Any CPU.Build.0 = Release|Any CPU
		{10AA7ACC-BDB0-44FB-BB5B-886D2207CDD7}.Debug|Any CPU.ActiveCfg = Debug|Any CPU
		{10AA7ACC-BDB0-44FB-BB5B-886D2207CDD7}.Debug|Any CPU.Build.0 = Debug|Any CPU
		{10AA7ACC-BDB0-44FB-BB5B-886D2207CDD7}.Release|Any CPU.ActiveCfg = Release|Any CPU
		{10AA7ACC-BDB0-44FB-BB5B-886D2207CDD7}.Release|Any CPU.Build.0 = Release|Any CPU
		{E5208C18-D0A1-4ACC-B5D1-33936573FF78}.Debug|Any CPU.ActiveCfg = Debug|Any CPU
		{E5208C18-D0A1-4ACC-B5D1-33936573FF78}.Debug|Any CPU.Build.0 = Debug|Any CPU
		{E5208C18-D0A1-4ACC-B5D1-33936573FF78}.Release|Any CPU.ActiveCfg = Release|Any CPU
		{E5208C18-D0A1-4ACC-B5D1-33936573FF78}.Release|Any CPU.Build.0 = Release|Any CPU
	EndGlobalSection
	GlobalSection(SolutionProperties) = preSolution
		HideSolutionNode = FALSE
	EndGlobalSection
	GlobalSection(NestedProjects) = preSolution
		{CD70F3DD-F4EE-43EA-8093-C4E92F359175} = {02EA681E-C7D8-13C7-8484-4AC65E1B71E8}
		{64603674-4872-47EC-8A44-C1BF0CCF63F6} = {02EA681E-C7D8-13C7-8484-4AC65E1B71E8}
		{E55656EB-9E05-4C9B-B413-A9801EAC1834} = {02EA681E-C7D8-13C7-8484-4AC65E1B71E8}
		{B0999137-A03B-409E-8D69-452347C535DE} = {1B8A27F1-36C1-4AC4-9F1E-984907B1D47B}
		{70D19FE0-B1F6-4DE5-8454-E337570D4C75} = {1B8A27F1-36C1-4AC4-9F1E-984907B1D47B}
		{3A587EE3-38BA-4ECA-8302-3885DEEC9CC6} = {1B8A27F1-36C1-4AC4-9F1E-984907B1D47B}
		{9733FEBD-19F9-474B-8867-B5AB17F577B8} = {0B8E4168-F61D-4FD9-BD8A-7D2A45F875A1}
		{4C6FB710-E60A-4497-99BE-482B601D045E} = {0B8E4168-F61D-4FD9-BD8A-7D2A45F875A1}
		{43AF88BE-4033-4726-B414-C06BBAF99E3D} = {0B8E4168-F61D-4FD9-BD8A-7D2A45F875A1}
		{1895B3EF-E1EE-43BF-8CA6-518DDC510F3C} = {9F4C611A-C23C-4950-B8DC-0EC0D3C8A0FF}
		{10AA7ACC-BDB0-44FB-BB5B-886D2207CDD7} = {9F4C611A-C23C-4950-B8DC-0EC0D3C8A0FF}
		{E5208C18-D0A1-4ACC-B5D1-33936573FF78} = {9F4C611A-C23C-4950-B8DC-0EC0D3C8A0FF}
	EndGlobalSection
	GlobalSection(ExtensibilityGlobals) = postSolution
		SolutionGuid = {ABFBBBB9-BB52-4632-B431-A6E73A408DD0}
	EndGlobalSection
EndGlobal
